<?xml version="1.0" encoding="utf-8"?>
<Project ToolsVersion="4.0" xmlns="http://schemas.microsoft.com/developer/msbuild/2003">
  <ItemGroup>
    <Filter Include="Source Files">
      <UniqueIdentifier>{4FC737F1-C7A5-4376-A066-2A32D752A2FF}</UniqueIdentifier>
      <Extensions>cpp;c;cc;cxx;def;odl;idl;hpj;bat;asm;asmx</Extensions>
    </Filter>
    <Filter Include="Header Files">
      <UniqueIdentifier>{93995380-89BD-4b04-88EB-625FBE52EBFB}</UniqueIdentifier>
      <Extensions>h;hh;hpp;hxx;hm;inl;inc;xsd</Extensions>
    </Filter>
    <Filter Include="Resource Files">
      <UniqueIdentifier>{67DA6AB6-F800-4c08-8B7A-83BB121AAD01}</UniqueIdentifier>
      <Extensions>rc;ico;cur;bmp;dlg;rc2;rct;bin;rgs;gif;jpg;jpeg;jpe;resx;tiff;tif;png;wav;mfcribbon-ms</Extensions>
    </Filter>
    <Filter Include="Header Files\Thirdparty">
      <UniqueIdentifier>{76de0924-5916-4af5-95ce-06e84655d6e1}</UniqueIdentifier>
    </Filter>
    <Filter Include="Header Files\Thirdparty\plane">
      <UniqueIdentifier>{68a5dc65-f347-48fc-9c1c-b1d8894894d1}</UniqueIdentifier>
    </Filter>
  </ItemGroup>
  <ItemGroup>
    <ClCompile Include="main.cpp">
      <Filter>Source Files</Filter>
    </ClCompile>
    <ClCompile Include="..\Thirdparty\geometry\mPlane.cpp">
      <Filter>Header Files\Thirdparty\plane</Filter>
    </ClCompile>
  </ItemGroup>
  <ItemGroup>
    <ClInclude Include="..\Thirdparty\BB\bbutil.h">
      <Filter>Header Files\Thirdparty</Filter>
    </ClInclude>
    <ClInclude Include="..\Thirdparty\BB\bbutilfile.h">
      <Filter>Header Files\Thirdparty</Filter>
    </ClInclude>
    <ClInclude Include="..\Thirdparty\BB\bbutilstring.h">
      <Filter>Header Files\Thirdparty</Filter>
    </ClInclude>
    <ClInclude Include="..\Thirdparty\BB\mytime.h">
      <Filter>Header Files\Thirdparty</Filter>
    </ClInclude>
    <ClInclude Include="..\Thirdparty\geometry\mPlane.h">
      <Filter>Header Files\Thirdparty\plane</Filter>
    </ClInclude>
    <ClInclude Include="..\Thirdparty\geometry\ttMath.h">
      <Filter>Header Files\Thirdparty\plane</Filter>
    </ClInclude>
    <ClInclude Include="..\Thirdparty\geometry\Vectors.h">
      <Filter>Header Files\Thirdparty\plane</Filter>
    </ClInclude>
    <ClInclude Include="..\Thirdparty\geometry\MatrixAlgebra.h">
      <Filter>Header Files\Thirdparty\plane</Filter>
    </ClInclude>
    <ClInclude Include="..\Thirdparty\geometry\vwPrimitives2.h">
      <Filter>Header Files\Thirdparty\plane</Filter>
    </ClInclude>
  </ItemGroup>
</Project>